{
  "name": "csc-template",
  "version": "1.0.0",
  "description": "CSC template",
  "main": "index.js",
  "scripts": {
    "postinstall": "node ./node_modules/octopus/scripts/run && npm run build",
    "build-cardinal": "node ./node_modules/octopus/scripts/run build-cardinal",
    "build-theme": "node ./node_modules/octopus/scripts/run build-theme",
    "build": "npm run build-cardinal && npm run build-theme",
    "web": "ws --spa ./index.html"
  },
  "repository": {
    "type": "git",
    "url": "git+https://github.com/PrivateSky/cardinal-app-template.git"
  },
  "dependencies": {
    "octopus": "git+https://github.com/PrivateSky/octopus.git#1.0.4",
    "local-web-server": "^3.0.7"
  },
  "keywords": [
    "cardinal"
  ],
  "author": "",
  "license": "MIT",
  "bugs": {
    "url": "https://github.com/PrivateSky/cardinal-app-template/issues"
  },
  "homepage": "https://github.com/PrivateSky/cardinal-app-template#readme"
}
