{
  "name": "ssapp-demo-workspace",
  "version": "1.0.0",
  "lockfileVersion": 1,
  "requires": true,
  "dependencies": {
    "octopus": {
      "version": "git+http://github.com/privatesky/octopus.git#988a4154f52e06f35f3a9062e545061efb8adde4",
      "from": "git+http://github.com/privatesky/octopus.git#1.0.7"
    }
  }
}
